
Microsoft Visual Studio Solution File, Format Version 12.00
# Visual Studio 14
VisualStudioVersion = 14.0.25420.1
MinimumVisualStudioVersion = 10.0.40219.1
Project("{FAE04EC0-301F-11D3-BF4B-00C04F79EFBC}") = "Klotski", "Klotski2\Klotski.csproj", "{987F1FA0-D83F-4BBC-94F0-DF3B88EA466B}"
EndProject
Project("{FAE04EC0-301F-11D3-BF4B-00C04F79EFBC}") = "Klotski.Game", "Game\Klotski.Game.csproj", "{5124E1F2-AAF3-4D09-AE4D-B71B7D00FC2E}"
EndProject
Project("{FAE04EC0-301F-11D3-BF4B-00C04F79EFBC}") = "ImageAnalyze", "ImageAnalyze\ImageAnalyze.csproj", "{D239D602-A4C9-4615-A5B2-B151E048B6F8}"
EndProject
Project("{FAE04EC0-301F-11D3-BF4B-00C04F79EFBC}") = "MapConvertor", "MapConvertor\MapConvertor.csproj", "{094B4A0C-1367-4715-817C-EBFEDD2F02C3}"
EndProject
Global
	GlobalSection(SolutionConfigurationPlatforms) = preSolution
		Debug|Any CPU = Debug|Any CPU
		Release|Any CPU = Release|Any CPU
	EndGlobalSection
	GlobalSection(ProjectConfigurationPlatforms) = postSolution
		{987F1FA0-D83F-4BBC-94F0-DF3B88EA466B}.Debug|Any CPU.ActiveCfg = Debug|Any CPU
		{987F1FA0-D83F-4BBC-94F0-DF3B88EA466B}.Debug|Any CPU.Build.0 = Debug|Any CPU
		{987F1FA0-D83F-4BBC-94F0-DF3B88EA466B}.Release|Any CPU.ActiveCfg = Release|Any CPU
		{987F1FA0-D83F-4BBC-94F0-DF3B88EA466B}.Release|Any CPU.Build.0 = Release|Any CPU
		{5124E1F2-AAF3-4D09-AE4D-B71B7D00FC2E}.Debug|Any CPU.ActiveCfg = Debug|Any CPU
		{5124E1F2-AAF3-4D09-AE4D-B71B7D00FC2E}.Debug|Any CPU.Build.0 = Debug|Any CPU
		{5124E1F2-AAF3-4D09-AE4D-B71B7D00FC2E}.Release|Any CPU.ActiveCfg = Release|Any CPU
		{5124E1F2-AAF3-4D09-AE4D-B71B7D00FC2E}.Release|Any CPU.Build.0 = Release|Any CPU
		{D239D602-A4C9-4615-A5B2-B151E048B6F8}.Debug|Any CPU.ActiveCfg = Debug|Any CPU
		{D239D602-A4C9-4615-A5B2-B151E048B6F8}.Debug|Any CPU.Build.0 = Debug|Any CPU
		{D239D602-A4C9-4615-A5B2-B151E048B6F8}.Release|Any CPU.ActiveCfg = Release|Any CPU
		{D239D602-A4C9-4615-A5B2-B151E048B6F8}.Release|Any CPU.Build.0 = Release|Any CPU
		{094B4A0C-1367-4715-817C-EBFEDD2F02C3}.Debug|Any CPU.ActiveCfg = Debug|Any CPU
		{094B4A0C-1367-4715-817C-EBFEDD2F02C3}.Debug|Any CPU.Build.0 = Debug|Any CPU
		{094B4A0C-1367-4715-817C-EBFEDD2F02C3}.Release|Any CPU.ActiveCfg = Release|Any CPU
		{094B4A0C-1367-4715-817C-EBFEDD2F02C3}.Release|Any CPU.Build.0 = Release|Any CPU
	EndGlobalSection
	GlobalSection(SolutionProperties) = preSolution
		HideSolutionNode = FALSE
	EndGlobalSection
EndGlobal
